// !$*UTF8*$!
{
	archiveVersion = 1;
	classes = {
	};
	objectVersion = 50;
	objects = {

/* Begin PBXBuildFile section */
		49DC642A228082EF00142A2B /* GoogleService-Info.plist in Resources */ = {isa = PBXBuildFile; fileRef = 49DC6429228082EF00142A2B /* GoogleService-Info.plist */; };
		4AD150952268CBAB00082E98 /* AppDelegate.swift in Sources */ = {isa = PBXBuildFile; fileRef = 4AD150942268CBAB00082E98 /* AppDelegate.swift */; };
		4AD150972268CBAB00082E98 /* ViewController.swift in Sources */ = {isa = PBXBuildFile; fileRef = 4AD150962268CBAB00082E98 /* ViewController.swift */; };
		4AD1509A2268CBAB00082E98 /* Main.storyboard in Resources */ = {isa = PBXBuildFile; fileRef = 4AD150982268CBAB00082E98 /* Main.storyboard */; };
		4AD1509C2268CBAC00082E98 /* Assets.xcassets in Resources */ = {isa = PBXBuildFile; fileRef = 4AD1509B2268CBAC00082E98 /* Assets.xcassets */; };
		4AD1509F2268CBAC00082E98 /* LaunchScreen.storyboard in Resources */ = {isa = PBXBuildFile; fileRef = 4AD1509D2268CBAC00082E98 /* LaunchScreen.storyboard */; };
		4AD150AA2268CBAD00082E98 /* Niles_West_Bell_ScheduleTests.swift in Sources */ = {isa = PBXBuildFile; fileRef = 4AD150A92268CBAD00082E98 /* Niles_West_Bell_ScheduleTests.swift */; };
/* End PBXBuildFile section */

/* Begin PBXContainerItemProxy section */
		4AD150A62268CBAD00082E98 /* PBXContainerItemProxy */ = {
			isa = PBXContainerItemProxy;
			containerPortal = 4AD150892268CBAB00082E98 /* Project object */;
			proxyType = 1;
			remoteGlobalIDString = 4AD150902268CBAB00082E98;
			remoteInfo = "Niles West Bell Schedule";
		};
/* End PBXContainerItemProxy section */

/* Begin PBXFileReference section */
		49DC6429228082EF00142A2B /* GoogleService-Info.plist */ = {isa = PBXFileReference; fileEncoding = 4; lastKnownFileType = text.plist.xml; path = "GoogleService-Info.plist"; sourceTree = "<group>"; };
		4AD150912268CBAB00082E98 /* Niles West Bell Schedule.app */ = {isa = PBXFileReference; explicitFileType = wrapper.application; includeInIndex = 0; path = "Niles West Bell Schedule.app"; sourceTree = BUILT_PRODUCTS_DIR; };
		4AD150942268CBAB00082E98 /* AppDelegate.swift */ = {isa = PBXFileReference; lastKnownFileType = sourcecode.swift; path = AppDelegate.swift; sourceTree = "<group>"; };
		4AD150962268CBAB00082E98 /* ViewController.swift */ = {isa = PBXFileReference; lastKnownFileType = sourcecode.swift; path = ViewController.swift; sourceTree = "<group>"; };
		4AD150992268CBAB00082E98 /* Base */ = {isa = PBXFileReference; lastKnownFileType = file.storyboard; name = Base; path = Base.lproj/Main.storyboard; sourceTree = "<group>"; };
		4AD1509B2268CBAC00082E98 /* Assets.xcassets */ = {isa = PBXFileReference; lastKnownFileType = folder.assetcatalog; path = Assets.xcassets; sourceTree = "<group>"; };
		4AD1509E2268CBAC00082E98 /* Base */ = {isa = PBXFileReference; lastKnownFileType = file.storyboard; name = Base; path = Base.lproj/LaunchScreen.storyboard; sourceTree = "<group>"; };
		4AD150A02268CBAC00082E98 /* Info.plist */ = {isa = PBXFileReference; lastKnownFileType = text.plist.xml; path = Info.plist; sourceTree = "<group>"; };
		4AD150A52268CBAD00082E98 /* Niles West Bell ScheduleTests.xctest */ = {isa = PBXFileReference; explicitFileType = wrapper.cfbundle; includeInIndex = 0; path = "Niles West Bell ScheduleTests.xctest"; sourceTree = BUILT_PRODUCTS_DIR; };
		4AD150A92268CBAD00082E98 /* Niles_West_Bell_ScheduleTests.swift */ = {isa = PBXFileReference; lastKnownFileType = sourcecode.swift; path = Niles_West_Bell_ScheduleTests.swift; sourceTree = "<group>"; };
		4AD150AB2268CBAD00082E98 /* Info.plist */ = {isa = PBXFileReference; lastKnownFileType = text.plist.xml; path = Info.plist; sourceTree = "<group>"; };
/* End PBXFileReference section */

/* Begin PBXFrameworksBuildPhase section */
		4AD1508E2268CBAB00082E98 /* Frameworks */ = {
			isa = PBXFrameworksBuildPhase;
			buildActionMask = 2147483647;
			files = (
			);
			runOnlyForDeploymentPostprocessing = 0;
		};
		4AD150A22268CBAD00082E98 /* Frameworks */ = {
			isa = PBXFrameworksBuildPhase;
			buildActionMask = 2147483647;
			files = (
			);
			runOnlyForDeploymentPostprocessing = 0;
		};
/* End PBXFrameworksBuildPhase section */

/* Begin PBXGroup section */
		4AD150882268CBAB00082E98 = {
			isa = PBXGroup;
			children = (
				4AD150932268CBAB00082E98 /* Niles West Bell Schedule */,
				4AD150A82268CBAD00082E98 /* Niles West Bell ScheduleTests */,
				4AD150922268CBAB00082E98 /* Products */,
			);
			sourceTree = "<group>";
		};
		4AD150922268CBAB00082E98 /* Products */ = {
			isa = PBXGroup;
			children = (
				4AD150912268CBAB00082E98 /* Niles West Bell Schedule.app */,
				4AD150A52268CBAD00082E98 /* Niles West Bell ScheduleTests.xctest */,
			);
			name = Products;
			sourceTree = "<group>";
		};
		4AD150932268CBAB00082E98 /* Niles West Bell Schedule */ = {
			isa = PBXGroup;
			children = (
				4AD150942268CBAB00082E98 /* AppDelegate.swift */,
				4AD150962268CBAB00082E98 /* ViewController.swift */,
				4AD150982268CBAB00082E98 /* Main.storyboard */,
				4AD1509B2268CBAC00082E98 /* Assets.xcassets */,
				4AD1509D2268CBAC00082E98 /* LaunchScreen.storyboard */,
				4AD150A02268CBAC00082E98 /* Info.plist */,
				49DC6429228082EF00142A2B /* GoogleService-Info.plist */,
			);
			path = "Niles West Bell Schedule";
			sourceTree = "<group>";
		};
		4AD150A82268CBAD00082E98 /* Niles West Bell ScheduleTests */ = {
			isa = PBXGroup;
			children = (
				4AD150A92268CBAD00082E98 /* Niles_West_Bell_ScheduleTests.swift */,
				4AD150AB2268CBAD00082E98 /* Info.plist */,
			);
			path = "Niles West Bell ScheduleTests";
			sourceTree = "<group>";
		};
/* End PBXGroup section */

/* Begin PBXNativeTarget section */
		4AD150902268CBAB00082E98 /* Niles West Bell Schedule */ = {
			isa = PBXNativeTarget;
			buildConfigurationList = 4AD150AE2268CBAD00082E98 /* Build configuration list for PBXNativeTarget "Niles West Bell Schedule" */;
			buildPhases = (
				4AD1508D2268CBAB00082E98 /* Sources */,
				4AD1508E2268CBAB00082E98 /* Frameworks */,
				4AD1508F2268CBAB00082E98 /* Resources */,
			);
			buildRules = (
			);
			dependencies = (
			);
			name = "Niles West Bell Schedule";
			productName = "Niles West Bell Schedule";
			productReference = 4AD150912268CBAB00082E98 /* Niles West Bell Schedule.app */;
			productType = "com.apple.product-type.application";
		};
		4AD150A42268CBAD00082E98 /* Niles West Bell ScheduleTests */ = {
			isa = PBXNativeTarget;
			buildConfigurationList = 4AD150B12268CBAD00082E98 /* Build configuration list for PBXNativeTarget "Niles West Bell ScheduleTests" */;
			buildPhases = (
				4AD150A12268CBAD00082E98 /* Sources */,
				4AD150A22268CBAD00082E98 /* Frameworks */,
				4AD150A32268CBAD00082E98 /* Resources */,
			);
			buildRules = (
			);
			dependencies = (
				4AD150A72268CBAD00082E98 /* PBXTargetDependency */,
			);
			name = "Niles West Bell ScheduleTests";
			productName = "Niles West Bell ScheduleTests";
			productReference = 4AD150A52268CBAD00082E98 /* Niles West Bell ScheduleTests.xctest */;
			productType = "com.apple.product-type.bundle.unit-test";
		};
/* End PBXNativeTarget section */

/* Begin PBXProject section */
		4AD150892268CBAB00082E98 /* Project object */ = {
			isa = PBXProject;
			attributes = {
				LastSwiftUpdateCheck = 1020;
				LastUpgradeCheck = 1020;
				ORGANIZATIONNAME = "Alush Benitez";
				TargetAttributes = {
					4AD150902268CBAB00082E98 = {
						CreatedOnToolsVersion = 10.2;
					};
					4AD150A42268CBAD00082E98 = {
						CreatedOnToolsVersion = 10.2;
						TestTargetID = 4AD150902268CBAB00082E98;
					};
				};
			};
			buildConfigurationList = 4AD1508C2268CBAB00082E98 /* Build configuration list for PBXProject "Niles West Bell Schedule" */;
			compatibilityVersion = "Xcode 9.3";
			developmentRegion = en;
			hasScannedForEncodings = 0;
			knownRegions = (
				en,
				Base,
			);
			mainGroup = 4AD150882268CBAB00082E98;
			productRefGroup = 4AD150922268CBAB00082E98 /* Products */;
			projectDirPath = "";
			projectRoot = "";
			targets = (
				4AD150902268CBAB00082E98 /* Niles West Bell Schedule */,
				4AD150A42268CBAD00082E98 /* Niles West Bell ScheduleTests */,
			);
		};
/* End PBXProject section */

/* Begin PBXResourcesBuildPhase section */
		4AD1508F2268CBAB00082E98 /* Resources */ = {
			isa = PBXResourcesBuildPhase;
			buildActionMask = 2147483647;
			files = (
				4AD1509F2268CBAC00082E98 /* LaunchScreen.storyboard in Resources */,
				49DC642A228082EF00142A2B /* GoogleService-Info.plist in Resources */,
				4AD1509C2268CBAC00082E98 /* Assets.xcassets in Resources */,
				4AD1509A2268CBAB00082E98 /* Main.storyboard in Resources */,
			);
			runOnlyForDeploymentPostprocessing = 0;
		};
		4AD150A32268CBAD00082E98 /* Resources */ = {
			isa = PBXResourcesBuildPhase;
			buildActionMask = 2147483647;
			files = (
			);
			runOnlyForDeploymentPostprocessing = 0;
		};
/* End PBXResourcesBuildPhase section */

/* Begin PBXSourcesBuildPhase section */
		4AD1508D2268CBAB00082E98 /* Sources */ = {
			isa = PBXSourcesBuildPhase;
			buildActionMask = 2147483647;
			files = (
				4AD150972268CBAB00082E98 /* ViewController.swift in Sources */,
				4AD150952268CBAB00082E98 /* AppDelegate.swift in Sources */,
			);
			runOnlyForDeploymentPostprocessing = 0;
		};
		4AD150A12268CBAD00082E98 /* Sources */ = {
			isa = PBXSourcesBuildPhase;
			buildActionMask = 2147483647;
			files = (
				4AD150AA2268CBAD00082E98 /* Niles_West_Bell_ScheduleTests.swift in Sources */,
			);
			runOnlyForDeploymentPostprocessing = 0;
		};
/* End PBXSourcesBuildPhase section */

/* Begin PBXTargetDependency section */
		4AD150A72268CBAD00082E98 /* PBXTargetDependency */ = {
			isa = PBXTargetDependency;
			target = 4AD150902268CBAB00082E98 /* Niles West Bell Schedule */;
			targetProxy = 4AD150A62268CBAD00082E98 /* PBXContainerItemProxy */;
		};
/* End PBXTargetDependency section */

/* Begin PBXVariantGroup section */
		4AD150982268CBAB00082E98 /* Main.storyboard */ = {
			isa = PBXVariantGroup;
			children = (
				4AD150992268CBAB00082E98 /* Base */,
			);
			name = Main.storyboard;
			sourceTree = "<group>";
		};
		4AD1509D2268CBAC00082E98 /* LaunchScreen.storyboard */ = {
			isa = PBXVariantGroup;
			children = (
				4AD1509E2268CBAC00082E98 /* Base */,
			);
			name = LaunchScreen.storyboard;
			sourceTree = "<group>";
		};
/* End PBXVariantGroup section */

/* Begin XCBuildConfiguration section */
		4AD150AC2268CBAD00082E98 /* Debug */ = {
			isa = XCBuildConfiguration;
			buildSettings = {
				ALWAYS_SEARCH_USER_PATHS = NO;
				CLANG_ANALYZER_NONNULL = YES;
				CLANG_ANALYZER_NUMBER_OBJECT_CONVERSION = YES_AGGRESSIVE;
				CLANG_CXX_LANGUAGE_STANDARD = "gnu++14";
				CLANG_CXX_LIBRARY = "libc++";
				CLANG_ENABLE_MODULES = YES;
				CLANG_ENABLE_OBJC_ARC = YES;
				CLANG_ENABLE_OBJC_WEAK = YES;
				CLANG_WARN_BLOCK_CAPTURE_AUTORELEASING = YES;
				CLANG_WARN_BOOL_CONVERSION = YES;
				CLANG_WARN_COMMA = YES;
				CLANG_WARN_CONSTANT_CONVERSION = YES;
				CLANG_WARN_DEPRECATED_OBJC_IMPLEMENTATIONS = YES;
				CLANG_WARN_DIRECT_OBJC_ISA_USAGE = YES_ERROR;
				CLANG_WARN_DOCUMENTATION_COMMENTS = YES;
				CLANG_WARN_EMPTY_BODY = YES;
				CLANG_WARN_ENUM_CONVERSION = YES;
				CLANG_WARN_INFINITE_RECURSION = YES;
				CLANG_WARN_INT_CONVERSION = YES;
				CLANG_WARN_NON_LITERAL_NULL_CONVERSION = YES;
				CLANG_WARN_OBJC_IMPLICIT_RETAIN_SELF = YES;
				CLANG_WARN_OBJC_LITERAL_CONVERSION = YES;
				CLANG_WARN_OBJC_ROOT_CLASS = YES_ERROR;
				CLANG_WARN_RANGE_LOOP_ANALYSIS = YES;
				CLANG_WARN_STRICT_PROTOTYPES = YES;
				CLANG_WARN_SUSPICIOUS_MOVE = YES;
				CLANG_WARN_UNGUARDED_AVAILABILITY = YES_AGGRESSIVE;
				CLANG_WARN_UNREACHABLE_CODE = YES;
				CLANG_WARN__DUPLICATE_METHOD_MATCH = YES;
				CODE_SIGN_IDENTITY = "iPhone Developer";
				COPY_PHASE_STRIP = NO;
				DEBUG_INFORMATION_FORMAT = dwarf;
				ENABLE_STRICT_OBJC_MSGSEND = YES;
				ENABLE_TESTABILITY = YES;
				GCC_C_LANGUAGE_STANDARD = gnu11;
				GCC_DYNAMIC_NO_PIC = NO;
				GCC_NO_COMMON_BLOCKS = YES;
				GCC_OPTIMIZATION_LEVEL = 0;
				GCC_PREPROCESSOR_DEFINITIONS = (
					"DEBUG=1",
					"$(inherited)",
				);
				GCC_WARN_64_TO_32_BIT_CONVERSION = YES;
				GCC_WARN_ABOUT_RETURN_TYPE = YES_ERROR;
				GCC_WARN_UNDECLARED_SELECTOR = YES;
				GCC_WARN_UNINITIALIZED_AUTOS = YES_AGGRESSIVE;
				GCC_WARN_UNUSED_FUNCTION = YES;
				GCC_WARN_UNUSED_VARIABLE = YES;
				IPHONEOS_DEPLOYMENT_TARGET = 12.2;
				MTL_ENABLE_DEBUG_INFO = INCLUDE_SOURCE;
				MTL_FAST_MATH = YES;
				ONLY_ACTIVE_ARCH = YES;
				SDKROOT = iphoneos;
				SWIFT_ACTIVE_COMPILATION_CONDITIONS = DEBUG;
				SWIFT_OPTIMIZATION_LEVEL = "-Onone";
			};
			name = Debug;
		};
		4AD150AD2268CBAD00082E98 /* Release */ = {
			isa = XCBuildConfiguration;
			buildSettings = {
				ALWAYS_SEARCH_USER_PATHS = NO;
				CLANG_ANALYZER_NONNULL = YES;
				CLANG_ANALYZER_NUMBER_OBJECT_CONVERSION = YES_AGGRESSIVE;
				CLANG_CXX_LANGUAGE_STANDARD = "gnu++14";
				CLANG_CXX_LIBRARY = "libc++";
				CLANG_ENABLE_MODULES = YES;
				CLANG_ENABLE_OBJC_ARC = YES;
				CLANG_ENABLE_OBJC_WEAK = YES;
				CLANG_WARN_BLOCK_CAPTURE_AUTORELEASING = YES;
				CLANG_WARN_BOOL_CONVERSION = YES;
				CLANG_WARN_COMMA = YES;
				CLANG_WARN_CONSTANT_CONVERSION = YES;
				CLANG_WARN_DEPRECATED_OBJC_IMPLEMENTATIONS = YES;
				CLANG_WARN_DIRECT_OBJC_ISA_USAGE = YES_ERROR;
				CLANG_WARN_DOCUMENTATION_COMMENTS = YES;
				CLANG_WARN_EMPTY_BODY = YES;
				CLANG_WARN_ENUM_CONVERSION = YES;
				CLANG_WARN_INFINITE_RECURSION = YES;
				CLANG_WARN_INT_CONVERSION = YES;
				CLANG_WARN_NON_LITERAL_NULL_CONVERSION = YES;
				CLANG_WARN_OBJC_IMPLICIT_RETAIN_SELF = YES;
				CLANG_WARN_OBJC_LITERAL_CONVERSION = YES;
				CLANG_WARN_OBJC_ROOT_CLASS = YES_ERROR;
				CLANG_WARN_RANGE_LOOP_ANALYSIS = YES;
				CLANG_WARN_STRICT_PROTOTYPES = YES;
				CLANG_WARN_SUSPICIOUS_MOVE = YES;
				CLANG_WARN_UNGUARDED_AVAILABILITY = YES_AGGRESSIVE;
				CLANG_WARN_UNREACHABLE_CODE = YES;
				CLANG_WARN__DUPLICATE_METHOD_MATCH = YES;
				CODE_SIGN_IDENTITY = "iPhone Developer";
				COPY_PHASE_STRIP = NO;
				DEBUG_INFORMATION_FORMAT = "dwarf-with-dsym";
				ENABLE_NS_ASSERTIONS = NO;
				ENABLE_STRICT_OBJC_MSGSEND = YES;
				GCC_C_LANGUAGE_STANDARD = gnu11;
				GCC_NO_COMMON_BLOCKS = YES;
				GCC_WARN_64_TO_32_BIT_CONVERSION = YES;
				GCC_WARN_ABOUT_RETURN_TYPE = YES_ERROR;
				GCC_WARN_UNDECLARED_SELECTOR = YES;
				GCC_WARN_UNINITIALIZED_AUTOS = YES_AGGRESSIVE;
				GCC_WARN_UNUSED_FUNCTION = YES;
				GCC_WARN_UNUSED_VARIABLE = YES;
				IPHONEOS_DEPLOYMENT_TARGET = 12.2;
				MTL_ENABLE_DEBUG_INFO = NO;
				MTL_FAST_MATH = YES;
				SDKROOT = iphoneos;
				SWIFT_COMPILATION_MODE = wholemodule;
				SWIFT_OPTIMIZATION_LEVEL = "-O";
				VALIDATE_PRODUCT = YES;
			};
			name = Release;
		};
		4AD150AF2268CBAD00082E98 /* Debug */ = {
			isa = XCBuildConfiguration;
			buildSettings = {
				ASSETCATALOG_COMPILER_APPICON_NAME = AppIcon;
				CODE_SIGN_STYLE = Automatic;
				DEVELOPMENT_TEAM = 4A8MPXMBPS;
				INFOPLIST_FILE = "Niles West Bell Schedule/Info.plist";
				LD_RUNPATH_SEARCH_PATHS = (
					"$(inherited)",
					"@executable_path/Frameworks",
				);
				PRODUCT_BUNDLE_IDENTIFIER = "com.example.Niles-West-Bell-Schedule-App";
				PRODUCT_NAME = "$(TARGET_NAME)";
				SWIFT_VERSION = 5.0;
				TARGETED_DEVICE_FAMILY = "1,2";
			};
			name = Debug;
		};
		4AD150B02268CBAD00082E98 /* Release */ = {
			isa = XCBuildConfiguration;
			buildSettings = {
				ASSETCATALOG_COMPILER_APPICON_NAME = AppIcon;
				CODE_SIGN_STYLE = Automatic;
				DEVELOPMENT_TEAM = 4A8MPXMBPS;
				INFOPLIST_FILE = "Niles West Bell Schedule/Info.plist";
				LD_RUNPATH_SEARCH_PATHS = (
					"$(inherited)",
					"@executable_path/Frameworks",
				);
				PRODUCT_BUNDLE_IDENTIFIER = "com.example.Niles-West-Bell-Schedule-App";
				PRODUCT_NAME = "$(TARGET_NAME)";
				SWIFT_VERSION = 5.0;
				TARGETED_DEVICE_FAMILY = "1,2";
			};
			name = Release;
		};
		4AD150B22268CBAD00082E98 /* Debug */ = {
			isa = XCBuildConfiguration;
			buildSettings = {
				ALWAYS_EMBED_SWIFT_STANDARD_LIBRARIES = YES;
				BUNDLE_LOADER = "$(TEST_HOST)";
				CODE_SIGN_STYLE = Automatic;
				DEVELOPMENT_TEAM = 5AM4378YJ3;
				INFOPLIST_FILE = "Niles West Bell ScheduleTests/Info.plist";
				LD_RUNPATH_SEARCH_PATHS = (
					"$(inherited)",
					"@executable_path/Frameworks",
					"@loader_path/Frameworks",
				);
				PRODUCT_BUNDLE_IDENTIFIER = "com.example.Niles-West-Bell-ScheduleTests";
				PRODUCT_NAME = "$(TARGET_NAME)";
				SWIFT_VERSION = 5.0;
				TARGETED_DEVICE_FAMILY = "1,2";
				TEST_HOST = "$(BUILT_PRODUCTS_DIR)/Niles West Bell Schedule.app/Niles West Bell Schedule";
			};
			name = Debug;
		};
		4AD150B32268CBAD00082E98 /* Release */ = {
			isa = XCBuildConfiguration;
			buildSettings = {
				ALWAYS_EMBED_SWIFT_STANDARD_LIBRARIES = YES;
				BUNDLE_LOADER = "$(TEST_HOST)";
				CODE_SIGN_STYLE = Automatic;
				DEVELOPMENT_TEAM = 5AM4378YJ3;
				INFOPLIST_FILE = "Niles West Bell ScheduleTests/Info.plist";
				LD_RUNPATH_SEARCH_PATHS = (
					"$(inherited)",
					"@executable_path/Frameworks",
					"@loader_path/Frameworks",
				);
				PRODUCT_BUNDLE_IDENTIFIER = "com.example.Niles-West-Bell-ScheduleTests";
				PRODUCT_NAME = "$(TARGET_NAME)";
				SWIFT_VERSION = 5.0;
				TARGETED_DEVICE_FAMILY = "1,2";
				TEST_HOST = "$(BUILT_PRODUCTS_DIR)/Niles West Bell Schedule.app/Niles West Bell Schedule";
			};
			name = Release;
		};
/* End XCBuildConfiguration section */

/* Begin XCConfigurationList section */
		4AD1508C2268CBAB00082E98 /* Build configuration list for PBXProject "Niles West Bell Schedule" */ = {
			isa = XCConfigurationList;
			buildConfigurations = (
				4AD150AC2268CBAD00082E98 /* Debug */,
				4AD150AD2268CBAD00082E98 /* Release */,
			);
			defaultConfigurationIsVisible = 0;
			defaultConfigurationName = Release;
		};
		4AD150AE2268CBAD00082E98 /* Build configuration list for PBXNativeTarget "Niles West Bell Schedule" */ = {
			isa = XCConfigurationList;
			buildConfigurations = (
				4AD150AF2268CBAD00082E98 /* Debug */,
				4AD150B02268CBAD00082E98 /* Release */,
			);
			defaultConfigurationIsVisible = 0;
			defaultConfigurationName = Release;
		};
		4AD150B12268CBAD00082E98 /* Build configuration list for PBXNativeTarget "Niles West Bell ScheduleTests" */ = {
			isa = XCConfigurationList;
			buildConfigurations = (
				4AD150B22268CBAD00082E98 /* Debug */,
				4AD150B32268CBAD00082E98 /* Release */,
			);
			defaultConfigurationIsVisible = 0;
			defaultConfigurationName = Release;
		};
/* End XCConfigurationList section */
	};
	rootObject = 4AD150892268CBAB00082E98 /* Project object */;
}
